// !$*UTF8*$!
{
	archiveVersion = 1;
	classes = {
	};
	objectVersion = 46;
	objects = {

/* Begin PBXBuildFile section */
		833F876A1C80220500F973B2 /* Loginpop.m in Sources */ = {isa = PBXBuildFile; fileRef = 833F87691C80220500F973B2 /* Loginpop.m */; };
		836B98DC1C7F2D1B00534CD8 /* Foundation.framework in Frameworks */ = {isa = PBXBuildFile; fileRef = 836B98DB1C7F2D1B00534CD8 /* Foundation.framework */; };
		836B98DE1C7F2D1B00534CD8 /* CoreGraphics.framework in Frameworks */ = {isa = PBXBuildFile; fileRef = 836B98DD1C7F2D1B00534CD8 /* CoreGraphics.framework */; };
		836B98E01C7F2D1B00534CD8 /* UIKit.framework in Frameworks */ = {isa = PBXBuildFile; fileRef = 836B98DF1C7F2D1B00534CD8 /* UIKit.framework */; };
		836B98E61C7F2D1B00534CD8 /* InfoPlist.strings in Resources */ = {isa = PBXBuildFile; fileRef = 836B98E41C7F2D1B00534CD8 /* InfoPlist.strings */; };
		836B98E81C7F2D1B00534CD8 /* main.m in Sources */ = {isa = PBXBuildFile; fileRef = 836B98E71C7F2D1B00534CD8 /* main.m */; };
		836B98EC1C7F2D1C00534CD8 /* AppDelegate.m in Sources */ = {isa = PBXBuildFile; fileRef = 836B98EB1C7F2D1C00534CD8 /* AppDelegate.m */; };
		836B98EF1C7F2D1C00534CD8 /* Main.storyboard in Resources */ = {isa = PBXBuildFile; fileRef = 836B98ED1C7F2D1C00534CD8 /* Main.storyboard */; };
		836B98F21C7F2D1C00534CD8 /* ViewController.m in Sources */ = {isa = PBXBuildFile; fileRef = 836B98F11C7F2D1C00534CD8 /* ViewController.m */; };
		836B98F41C7F2D1C00534CD8 /* Images.xcassets in Resources */ = {isa = PBXBuildFile; fileRef = 836B98F31C7F2D1C00534CD8 /* Images.xcassets */; };
		836B98FB1C7F2D1C00534CD8 /* XCTest.framework in Frameworks */ = {isa = PBXBuildFile; fileRef = 836B98FA1C7F2D1C00534CD8 /* XCTest.framework */; };
		836B98FC1C7F2D1C00534CD8 /* Foundation.framework in Frameworks */ = {isa = PBXBuildFile; fileRef = 836B98DB1C7F2D1B00534CD8 /* Foundation.framework */; };
		836B98FD1C7F2D1C00534CD8 /* UIKit.framework in Frameworks */ = {isa = PBXBuildFile; fileRef = 836B98DF1C7F2D1B00534CD8 /* UIKit.framework */; };
		836B99051C7F2D1C00534CD8 /* InfoPlist.strings in Resources */ = {isa = PBXBuildFile; fileRef = 836B99031C7F2D1C00534CD8 /* InfoPlist.strings */; };
		836B99071C7F2D1C00534CD8 /* PopViewControlerTests.m in Sources */ = {isa = PBXBuildFile; fileRef = 836B99061C7F2D1C00534CD8 /* PopViewControlerTests.m */; };
		836B995E1C7F344400534CD8 /* ISDCodeSelectionTableViewController.m in Sources */ = {isa = PBXBuildFile; fileRef = 836B995D1C7F344400534CD8 /* ISDCodeSelectionTableViewController.m */; };
		836B99661C7F347E00534CD8 /* FPPopoverController.m in Sources */ = {isa = PBXBuildFile; fileRef = 836B99611C7F347E00534CD8 /* FPPopoverController.m */; };
		836B99671C7F347E00534CD8 /* FPPopoverView.m in Sources */ = {isa = PBXBuildFile; fileRef = 836B99631C7F347E00534CD8 /* FPPopoverView.m */; };
		836B99681C7F347E00534CD8 /* FPTouchView.m in Sources */ = {isa = PBXBuildFile; fileRef = 836B99651C7F347E00534CD8 /* FPTouchView.m */; };
/* End PBXBuildFile section */

/* Begin PBXContainerItemProxy section */
		836B98FE1C7F2D1C00534CD8 /* PBXContainerItemProxy */ = {
			isa = PBXContainerItemProxy;
			containerPortal = 836B98D01C7F2D1B00534CD8 /* Project object */;
			proxyType = 1;
			remoteGlobalIDString = 836B98D71C7F2D1B00534CD8;
			remoteInfo = PopViewControler;
		};
/* End PBXContainerItemProxy section */

/* Begin PBXFileReference section */
		833F87681C80220500F973B2 /* Loginpop.h */ = {isa = PBXFileReference; fileEncoding = 4; lastKnownFileType = sourcecode.c.h; path = Loginpop.h; sourceTree = "<group>"; };
		833F87691C80220500F973B2 /* Loginpop.m */ = {isa = PBXFileReference; fileEncoding = 4; lastKnownFileType = sourcecode.c.objc; path = Loginpop.m; sourceTree = "<group>"; };
		836B98D81C7F2D1B00534CD8 /* PopViewControler.app */ = {isa = PBXFileReference; explicitFileType = wrapper.application; includeInIndex = 0; path = PopViewControler.app; sourceTree = BUILT_PRODUCTS_DIR; };
		836B98DB1C7F2D1B00534CD8 /* Foundation.framework */ = {isa = PBXFileReference; lastKnownFileType = wrapper.framework; name = Foundation.framework; path = System/Library/Frameworks/Foundation.framework; sourceTree = SDKROOT; };
		836B98DD1C7F2D1B00534CD8 /* CoreGraphics.framework */ = {isa = PBXFileReference; lastKnownFileType = wrapper.framework; name = CoreGraphics.framework; path = System/Library/Frameworks/CoreGraphics.framework; sourceTree = SDKROOT; };
		836B98DF1C7F2D1B00534CD8 /* UIKit.framework */ = {isa = PBXFileReference; lastKnownFileType = wrapper.framework; name = UIKit.framework; path = System/Library/Frameworks/UIKit.framework; sourceTree = SDKROOT; };
		836B98E31C7F2D1B00534CD8 /* PopViewControler-Info.plist */ = {isa = PBXFileReference; lastKnownFileType = text.plist.xml; path = "PopViewControler-Info.plist"; sourceTree = "<group>"; };
		836B98E51C7F2D1B00534CD8 /* en */ = {isa = PBXFileReference; lastKnownFileType = text.plist.strings; name = en; path = en.lproj/InfoPlist.strings; sourceTree = "<group>"; };
		836B98E71C7F2D1B00534CD8 /* main.m */ = {isa = PBXFileReference; lastKnownFileType = sourcecode.c.objc; path = main.m; sourceTree = "<group>"; };
		836B98E91C7F2D1B00534CD8 /* PopViewControler-Prefix.pch */ = {isa = PBXFileReference; lastKnownFileType = sourcecode.c.h; path = "PopViewControler-Prefix.pch"; sourceTree = "<group>"; };
		836B98EA1C7F2D1C00534CD8 /* AppDelegate.h */ = {isa = PBXFileReference; lastKnownFileType = sourcecode.c.h; path = AppDelegate.h; sourceTree = "<group>"; };
		836B98EB1C7F2D1C00534CD8 /* AppDelegate.m */ = {isa = PBXFileReference; lastKnownFileType = sourcecode.c.objc; path = AppDelegate.m; sourceTree = "<group>"; };
		836B98EE1C7F2D1C00534CD8 /* Base */ = {isa = PBXFileReference; lastKnownFileType = file.storyboard; name = Base; path = Base.lproj/Main.storyboard; sourceTree = "<group>"; };
		836B98F01C7F2D1C00534CD8 /* ViewController.h */ = {isa = PBXFileReference; lastKnownFileType = sourcecode.c.h; path = ViewController.h; sourceTree = "<group>"; };
		836B98F11C7F2D1C00534CD8 /* ViewController.m */ = {isa = PBXFileReference; lastKnownFileType = sourcecode.c.objc; path = ViewController.m; sourceTree = "<group>"; };
		836B98F31C7F2D1C00534CD8 /* Images.xcassets */ = {isa = PBXFileReference; lastKnownFileType = folder.assetcatalog; path = Images.xcassets; sourceTree = "<group>"; };
		836B98F91C7F2D1C00534CD8 /* PopViewControlerTests.xctest */ = {isa = PBXFileReference; explicitFileType = wrapper.cfbundle; includeInIndex = 0; path = PopViewControlerTests.xctest; sourceTree = BUILT_PRODUCTS_DIR; };
		836B98FA1C7F2D1C00534CD8 /* XCTest.framework */ = {isa = PBXFileReference; lastKnownFileType = wrapper.framework; name = XCTest.framework; path = Library/Frameworks/XCTest.framework; sourceTree = DEVELOPER_DIR; };
		836B99021C7F2D1C00534CD8 /* PopViewControlerTests-Info.plist */ = {isa = PBXFileReference; lastKnownFileType = text.plist.xml; path = "PopViewControlerTests-Info.plist"; sourceTree = "<group>"; };
		836B99041C7F2D1C00534CD8 /* en */ = {isa = PBXFileReference; lastKnownFileType = text.plist.strings; name = en; path = en.lproj/InfoPlist.strings; sourceTree = "<group>"; };
		836B99061C7F2D1C00534CD8 /* PopViewControlerTests.m */ = {isa = PBXFileReference; lastKnownFileType = sourcecode.c.objc; path = PopViewControlerTests.m; sourceTree = "<group>"; };
		836B995C1C7F344400534CD8 /* ISDCodeSelectionTableViewController.h */ = {isa = PBXFileReference; fileEncoding = 4; lastKnownFileType = sourcecode.c.h; name = ISDCodeSelectionTableViewController.h; path = Popover/ISDCodeSelectionTableViewController.h; sourceTree = "<group>"; };
		836B995D1C7F344400534CD8 /* ISDCodeSelectionTableViewController.m */ = {isa = PBXFileReference; fileEncoding = 4; lastKnownFileType = sourcecode.c.objc; name = ISDCodeSelectionTableViewController.m; path = Popover/ISDCodeSelectionTableViewController.m; sourceTree = "<group>"; };
		836B995F1C7F347E00534CD8 /* ARCMacros.h */ = {isa = PBXFileReference; fileEncoding = 4; lastKnownFileType = sourcecode.c.h; path = ARCMacros.h; sourceTree = "<group>"; };
		836B99601C7F347E00534CD8 /* FPPopoverController.h */ = {isa = PBXFileReference; fileEncoding = 4; lastKnownFileType = sourcecode.c.h; path = FPPopoverController.h; sourceTree = "<group>"; };
		836B99611C7F347E00534CD8 /* FPPopoverController.m */ = {isa = PBXFileReference; fileEncoding = 4; lastKnownFileType = sourcecode.c.objc; path = FPPopoverController.m; sourceTree = "<group>"; };
		836B99621C7F347E00534CD8 /* FPPopoverView.h */ = {isa = PBXFileReference; fileEncoding = 4; lastKnownFileType = sourcecode.c.h; path = FPPopoverView.h; sourceTree = "<group>"; };
		836B99631C7F347E00534CD8 /* FPPopoverView.m */ = {isa = PBXFileReference; fileEncoding = 4; lastKnownFileType = sourcecode.c.objc; path = FPPopoverView.m; sourceTree = "<group>"; };
		836B99641C7F347E00534CD8 /* FPTouchView.h */ = {isa = PBXFileReference; fileEncoding = 4; lastKnownFileType = sourcecode.c.h; path = FPTouchView.h; sourceTree = "<group>"; };
		836B99651C7F347E00534CD8 /* FPTouchView.m */ = {isa = PBXFileReference; fileEncoding = 4; lastKnownFileType = sourcecode.c.objc; path = FPTouchView.m; sourceTree = "<group>"; };
/* End PBXFileReference section */

/* Begin PBXFrameworksBuildPhase section */
		836B98D51C7F2D1B00534CD8 /* Frameworks */ = {
			isa = PBXFrameworksBuildPhase;
			buildActionMask = 2147483647;
			files = (
				836B98DE1C7F2D1B00534CD8 /* CoreGraphics.framework in Frameworks */,
				836B98E01C7F2D1B00534CD8 /* UIKit.framework in Frameworks */,
				836B98DC1C7F2D1B00534CD8 /* Foundation.framework in Frameworks */,
			);
			runOnlyForDeploymentPostprocessing = 0;
		};
		836B98F61C7F2D1C00534CD8 /* Frameworks */ = {
			isa = PBXFrameworksBuildPhase;
			buildActionMask = 2147483647;
			files = (
				836B98FB1C7F2D1C00534CD8 /* XCTest.framework in Frameworks */,
				836B98FD1C7F2D1C00534CD8 /* UIKit.framework in Frameworks */,
				836B98FC1C7F2D1C00534CD8 /* Foundation.framework in Frameworks */,
			);
			runOnlyForDeploymentPostprocessing = 0;
		};
/* End PBXFrameworksBuildPhase section */

/* Begin PBXGroup section */
		836B98CF1C7F2D1B00534CD8 = {
			isa = PBXGroup;
			children = (
				836B98E11C7F2D1B00534CD8 /* PopViewControler */,
				836B99001C7F2D1C00534CD8 /* PopViewControlerTests */,
				836B98DA1C7F2D1B00534CD8 /* Frameworks */,
				836B98D91C7F2D1B00534CD8 /* Products */,
			);
			sourceTree = "<group>";
		};
		836B98D91C7F2D1B00534CD8 /* Products */ = {
			isa = PBXGroup;
			children = (
				836B98D81C7F2D1B00534CD8 /* PopViewControler.app */,
				836B98F91C7F2D1C00534CD8 /* PopViewControlerTests.xctest */,
			);
			name = Products;
			sourceTree = "<group>";
		};
		836B98DA1C7F2D1B00534CD8 /* Frameworks */ = {
			isa = PBXGroup;
			children = (
				836B98DB1C7F2D1B00534CD8 /* Foundation.framework */,
				836B98DD1C7F2D1B00534CD8 /* CoreGraphics.framework */,
				836B98DF1C7F2D1B00534CD8 /* UIKit.framework */,
				836B98FA1C7F2D1C00534CD8 /* XCTest.framework */,
			);
			name = Frameworks;
			sourceTree = "<group>";
		};
		836B98E11C7F2D1B00534CD8 /* PopViewControler */ = {
			isa = PBXGroup;
			children = (
				836B995B1C7F342500534CD8 /* Popover */,
				836B98EA1C7F2D1C00534CD8 /* AppDelegate.h */,
				836B98EB1C7F2D1C00534CD8 /* AppDelegate.m */,
				836B98ED1C7F2D1C00534CD8 /* Main.storyboard */,
				836B98F01C7F2D1C00534CD8 /* ViewController.h */,
				836B98F11C7F2D1C00534CD8 /* ViewController.m */,
				836B995C1C7F344400534CD8 /* ISDCodeSelectionTableViewController.h */,
				836B995D1C7F344400534CD8 /* ISDCodeSelectionTableViewController.m */,
				833F87681C80220500F973B2 /* Loginpop.h */,
				833F87691C80220500F973B2 /* Loginpop.m */,
				836B98F31C7F2D1C00534CD8 /* Images.xcassets */,
				836B98E21C7F2D1B00534CD8 /* Supporting Files */,
			);
			path = PopViewControler;
			sourceTree = "<group>";
		};
		836B98E21C7F2D1B00534CD8 /* Supporting Files */ = {
			isa = PBXGroup;
			children = (
				836B98E31C7F2D1B00534CD8 /* PopViewControler-Info.plist */,
				836B98E41C7F2D1B00534CD8 /* InfoPlist.strings */,
				836B98E71C7F2D1B00534CD8 /* main.m */,
				836B98E91C7F2D1B00534CD8 /* PopViewControler-Prefix.pch */,
			);
			name = "Supporting Files";
			sourceTree = "<group>";
		};
		836B99001C7F2D1C00534CD8 /* PopViewControlerTests */ = {
			isa = PBXGroup;
			children = (
				836B99061C7F2D1C00534CD8 /* PopViewControlerTests.m */,
				836B99011C7F2D1C00534CD8 /* Supporting Files */,
			);
			path = PopViewControlerTests;
			sourceTree = "<group>";
		};
		836B99011C7F2D1C00534CD8 /* Supporting Files */ = {
			isa = PBXGroup;
			children = (
				836B99021C7F2D1C00534CD8 /* PopViewControlerTests-Info.plist */,
				836B99031C7F2D1C00534CD8 /* InfoPlist.strings */,
			);
			name = "Supporting Files";
			sourceTree = "<group>";
		};
		836B995B1C7F342500534CD8 /* Popover */ = {
			isa = PBXGroup;
			children = (
				836B995F1C7F347E00534CD8 /* ARCMacros.h */,
				836B99601C7F347E00534CD8 /* FPPopoverController.h */,
				836B99611C7F347E00534CD8 /* FPPopoverController.m */,
				836B99621C7F347E00534CD8 /* FPPopoverView.h */,
				836B99631C7F347E00534CD8 /* FPPopoverView.m */,
				836B99641C7F347E00534CD8 /* FPTouchView.h */,
				836B99651C7F347E00534CD8 /* FPTouchView.m */,
			);
			path = Popover;
			sourceTree = "<group>";
		};
/* End PBXGroup section */

/* Begin PBXNativeTarget section */
		836B98D71C7F2D1B00534CD8 /* PopViewControler */ = {
			isa = PBXNativeTarget;
			buildConfigurationList = 836B990A1C7F2D1C00534CD8 /* Build configuration list for PBXNativeTarget "PopViewControler" */;
			buildPhases = (
				836B98D41C7F2D1B00534CD8 /* Sources */,
				836B98D51C7F2D1B00534CD8 /* Frameworks */,
				836B98D61C7F2D1B00534CD8 /* Resources */,
			);
			buildRules = (
			);
			dependencies = (
			);
			name = PopViewControler;
			productName = PopViewControler;
			productReference = 836B98D81C7F2D1B00534CD8 /* PopViewControler.app */;
			productType = "com.apple.product-type.application";
		};
		836B98F81C7F2D1C00534CD8 /* PopViewControlerTests */ = {
			isa = PBXNativeTarget;
			buildConfigurationList = 836B990D1C7F2D1C00534CD8 /* Build configuration list for PBXNativeTarget "PopViewControlerTests" */;
			buildPhases = (
				836B98F51C7F2D1C00534CD8 /* Sources */,
				836B98F61C7F2D1C00534CD8 /* Frameworks */,
				836B98F71C7F2D1C00534CD8 /* Resources */,
			);
			buildRules = (
			);
			dependencies = (
				836B98FF1C7F2D1C00534CD8 /* PBXTargetDependency */,
			);
			name = PopViewControlerTests;
			productName = PopViewControlerTests;
			productReference = 836B98F91C7F2D1C00534CD8 /* PopViewControlerTests.xctest */;
			productType = "com.apple.product-type.bundle.unit-test";
		};
/* End PBXNativeTarget section */

/* Begin PBXProject section */
		836B98D01C7F2D1B00534CD8 /* Project object */ = {
			isa = PBXProject;
			attributes = {
				LastUpgradeCheck = 0510;
				ORGANIZATIONNAME = "Ashish Chauhan";
				TargetAttributes = {
					836B98F81C7F2D1C00534CD8 = {
						TestTargetID = 836B98D71C7F2D1B00534CD8;
					};
				};
			};
			buildConfigurationList = 836B98D31C7F2D1B00534CD8 /* Build configuration list for PBXProject "PopViewControler" */;
			compatibilityVersion = "Xcode 3.2";
			developmentRegion = English;
			hasScannedForEncodings = 0;
			knownRegions = (
				en,
				Base,
			);
			mainGroup = 836B98CF1C7F2D1B00534CD8;
			productRefGroup = 836B98D91C7F2D1B00534CD8 /* Products */;
			projectDirPath = "";
			projectRoot = "";
			targets = (
				836B98D71C7F2D1B00534CD8 /* PopViewControler */,
				836B98F81C7F2D1C00534CD8 /* PopViewControlerTests */,
			);
		};
/* End PBXProject section */

/* Begin PBXResourcesBuildPhase section */
		836B98D61C7F2D1B00534CD8 /* Resources */ = {
			isa = PBXResourcesBuildPhase;
			buildActionMask = 2147483647;
			files = (
				836B98F41C7F2D1C00534CD8 /* Images.xcassets in Resources */,
				836B98E61C7F2D1B00534CD8 /* InfoPlist.strings in Resources */,
				836B98EF1C7F2D1C00534CD8 /* Main.storyboard in Resources */,
			);
			runOnlyForDeploymentPostprocessing = 0;
		};
		836B98F71C7F2D1C00534CD8 /* Resources */ = {
			isa = PBXResourcesBuildPhase;
			buildActionMask = 2147483647;
			files = (
				836B99051C7F2D1C00534CD8 /* InfoPlist.strings in Resources */,
			);
			runOnlyForDeploymentPostprocessing = 0;
		};
/* End PBXResourcesBuildPhase section */

/* Begin PBXSourcesBuildPhase section */
		836B98D41C7F2D1B00534CD8 /* Sources */ = {
			isa = PBXSourcesBuildPhase;
			buildActionMask = 2147483647;
			files = (
				836B99671C7F347E00534CD8 /* FPPopoverView.m in Sources */,
				836B995E1C7F344400534CD8 /* ISDCodeSelectionTableViewController.m in Sources */,
				836B98F21C7F2D1C00534CD8 /* ViewController.m in Sources */,
				836B99681C7F347E00534CD8 /* FPTouchView.m in Sources */,
				836B99661C7F347E00534CD8 /* FPPopoverController.m in Sources */,
				833F876A1C80220500F973B2 /* Loginpop.m in Sources */,
				836B98EC1C7F2D1C00534CD8 /* AppDelegate.m in Sources */,
				836B98E81C7F2D1B00534CD8 /* main.m in Sources */,
			);
			runOnlyForDeploymentPostprocessing = 0;
		};
		836B98F51C7F2D1C00534CD8 /* Sources */ = {
			isa = PBXSourcesBuildPhase;
			buildActionMask = 2147483647;
			files = (
				836B99071C7F2D1C00534CD8 /* PopViewControlerTests.m in Sources */,
			);
			runOnlyForDeploymentPostprocessing = 0;
		};
/* End PBXSourcesBuildPhase section */

/* Begin PBXTargetDependency section */
		836B98FF1C7F2D1C00534CD8 /* PBXTargetDependency */ = {
			isa = PBXTargetDependency;
			target = 836B98D71C7F2D1B00534CD8 /* PopViewControler */;
			targetProxy = 836B98FE1C7F2D1C00534CD8 /* PBXContainerItemProxy */;
		};
/* End PBXTargetDependency section */

/* Begin PBXVariantGroup section */
		836B98E41C7F2D1B00534CD8 /* InfoPlist.strings */ = {
			isa = PBXVariantGroup;
			children = (
				836B98E51C7F2D1B00534CD8 /* en */,
			);
			name = InfoPlist.strings;
			sourceTree = "<group>";
		};
		836B98ED1C7F2D1C00534CD8 /* Main.storyboard */ = {
			isa = PBXVariantGroup;
			children = (
				836B98EE1C7F2D1C00534CD8 /* Base */,
			);
			name = Main.storyboard;
			sourceTree = "<group>";
		};
		836B99031C7F2D1C00534CD8 /* InfoPlist.strings */ = {
			isa = PBXVariantGroup;
			children = (
				836B99041C7F2D1C00534CD8 /* en */,
			);
			name = InfoPlist.strings;
			sourceTree = "<group>";
		};
/* End PBXVariantGroup section */

/* Begin XCBuildConfiguration section */
		836B99081C7F2D1C00534CD8 /* Debug */ = {
			isa = XCBuildConfiguration;
			buildSettings = {
				ALWAYS_SEARCH_USER_PATHS = NO;
				CLANG_CXX_LANGUAGE_STANDARD = "gnu++0x";
				CLANG_CXX_LIBRARY = "libc++";
				CLANG_ENABLE_MODULES = YES;
				CLANG_ENABLE_OBJC_ARC = YES;
				CLANG_WARN_BOOL_CONVERSION = YES;
				CLANG_WARN_CONSTANT_CONVERSION = YES;
				CLANG_WARN_DIRECT_OBJC_ISA_USAGE = YES_ERROR;
				CLANG_WARN_EMPTY_BODY = YES;
				CLANG_WARN_ENUM_CONVERSION = YES;
				CLANG_WARN_INT_CONVERSION = YES;
				CLANG_WARN_OBJC_ROOT_CLASS = YES_ERROR;
				CLANG_WARN__DUPLICATE_METHOD_MATCH = YES;
				"CODE_SIGN_IDENTITY[sdk=iphoneos*]" = "iPhone Developer";
				COPY_PHASE_STRIP = NO;
				GCC_C_LANGUAGE_STANDARD = gnu99;
				GCC_DYNAMIC_NO_PIC = NO;
				GCC_OPTIMIZATION_LEVEL = 0;
				GCC_PREPROCESSOR_DEFINITIONS = (
					"DEBUG=1",
					"$(inherited)",
				);
				GCC_SYMBOLS_PRIVATE_EXTERN = NO;
				GCC_WARN_64_TO_32_BIT_CONVERSION = YES;
				GCC_WARN_ABOUT_RETURN_TYPE = YES_ERROR;
				GCC_WARN_UNDECLARED_SELECTOR = YES;
				GCC_WARN_UNINITIALIZED_AUTOS = YES_AGGRESSIVE;
				GCC_WARN_UNUSED_FUNCTION = YES;
				GCC_WARN_UNUSED_VARIABLE = YES;
				IPHONEOS_DEPLOYMENT_TARGET = 7.1;
				ONLY_ACTIVE_ARCH = YES;
				SDKROOT = iphoneos;
			};
			name = Debug;
		};
		836B99091C7F2D1C00534CD8 /* Release */ = {
			isa = XCBuildConfiguration;
			buildSettings = {
				ALWAYS_SEARCH_USER_PATHS = NO;
				CLANG_CXX_LANGUAGE_STANDARD = "gnu++0x";
				CLANG_CXX_LIBRARY = "libc++";
				CLANG_ENABLE_MODULES = YES;
				CLANG_ENABLE_OBJC_ARC = YES;
				CLANG_WARN_BOOL_CONVERSION = YES;
				CLANG_WARN_CONSTANT_CONVERSION = YES;
				CLANG_WARN_DIRECT_OBJC_ISA_USAGE = YES_ERROR;
				CLANG_WARN_EMPTY_BODY = YES;
				CLANG_WARN_ENUM_CONVERSION = YES;
				CLANG_WARN_INT_CONVERSION = YES;
				CLANG_WARN_OBJC_ROOT_CLASS = YES_ERROR;
				CLANG_WARN__DUPLICATE_METHOD_MATCH = YES;
				"CODE_SIGN_IDENTITY[sdk=iphoneos*]" = "iPhone Developer";
				COPY_PHASE_STRIP = YES;
				ENABLE_NS_ASSERTIONS = NO;
				GCC_C_LANGUAGE_STANDARD = gnu99;
				GCC_WARN_64_TO_32_BIT_CONVERSION = YES;
				GCC_WARN_ABOUT_RETURN_TYPE = YES_ERROR;
				GCC_WARN_UNDECLARED_SELECTOR = YES;
				GCC_WARN_UNINITIALIZED_AUTOS = YES_AGGRESSIVE;
				GCC_WARN_UNUSED_FUNCTION = YES;
				GCC_WARN_UNUSED_VARIABLE = YES;
				IPHONEOS_DEPLOYMENT_TARGET = 7.1;
				SDKROOT = iphoneos;
				VALIDATE_PRODUCT = YES;
			};
			name = Release;
		};
		836B990B1C7F2D1C00534CD8 /* Debug */ = {
			isa = XCBuildConfiguration;
			buildSettings = {
				ASSETCATALOG_COMPILER_APPICON_NAME = AppIcon;
				ASSETCATALOG_COMPILER_LAUNCHIMAGE_NAME = LaunchImage;
				GCC_PRECOMPILE_PREFIX_HEADER = YES;
				GCC_PREFIX_HEADER = "PopViewControler/PopViewControler-Prefix.pch";
				INFOPLIST_FILE = "PopViewControler/PopViewControler-Info.plist";
				PRODUCT_NAME = "$(TARGET_NAME)";
				WRAPPER_EXTENSION = app;
			};
			name = Debug;
		};
		836B990C1C7F2D1C00534CD8 /* Release */ = {
			isa = XCBuildConfiguration;
			buildSettings = {
				ASSETCATALOG_COMPILER_APPICON_NAME = AppIcon;
				ASSETCATALOG_COMPILER_LAUNCHIMAGE_NAME = LaunchImage;
				GCC_PRECOMPILE_PREFIX_HEADER = YES;
				GCC_PREFIX_HEADER = "PopViewControler/PopViewControler-Prefix.pch";
				INFOPLIST_FILE = "PopViewControler/PopViewControler-Info.plist";
				PRODUCT_NAME = "$(TARGET_NAME)";
				WRAPPER_EXTENSION = app;
			};
			name = Release;
		};
		836B990E1C7F2D1C00534CD8 /* Debug */ = {
			isa = XCBuildConfiguration;
			buildSettings = {
				BUNDLE_LOADER = "$(BUILT_PRODUCTS_DIR)/PopViewControler.app/PopViewControler";
				FRAMEWORK_SEARCH_PATHS = (
					"$(SDKROOT)/Developer/Library/Frameworks",
					"$(inherited)",
					"$(DEVELOPER_FRAMEWORKS_DIR)",
				);
				GCC_PRECOMPILE_PREFIX_HEADER = YES;
				GCC_PREFIX_HEADER = "PopViewControler/PopViewControler-Prefix.pch";
				GCC_PREPROCESSOR_DEFINITIONS = (
					"DEBUG=1",
					"$(inherited)",
				);
				INFOPLIST_FILE = "PopViewControlerTests/PopViewControlerTests-Info.plist";
				PRODUCT_NAME = "$(TARGET_NAME)";
				TEST_HOST = "$(BUNDLE_LOADER)";
				WRAPPER_EXTENSION = xctest;
			};
			name = Debug;
		};
		836B990F1C7F2D1C00534CD8 /* Release */ = {
			isa = XCBuildConfiguration;
			buildSettings = {
				BUNDLE_LOADER = "$(BUILT_PRODUCTS_DIR)/PopViewControler.app/PopViewControler";
				FRAMEWORK_SEARCH_PATHS = (
					"$(SDKROOT)/Developer/Library/Frameworks",
					"$(inherited)",
					"$(DEVELOPER_FRAMEWORKS_DIR)",
				);
				GCC_PRECOMPILE_PREFIX_HEADER = YES;
				GCC_PREFIX_HEADER = "PopViewControler/PopViewControler-Prefix.pch";
				INFOPLIST_FILE = "PopViewControlerTests/PopViewControlerTests-Info.plist";
				PRODUCT_NAME = "$(TARGET_NAME)";
				TEST_HOST = "$(BUNDLE_LOADER)";
				WRAPPER_EXTENSION = xctest;
			};
			name = Release;
		};
/* End XCBuildConfiguration section */

/* Begin XCConfigurationList section */
		836B98D31C7F2D1B00534CD8 /* Build configuration list for PBXProject "PopViewControler" */ = {
			isa = XCConfigurationList;
			buildConfigurations = (
				836B99081C7F2D1C00534CD8 /* Debug */,
				836B99091C7F2D1C00534CD8 /* Release */,
			);
			defaultConfigurationIsVisible = 0;
			defaultConfigurationName = Release;
		};
		836B990A1C7F2D1C00534CD8 /* Build configuration list for PBXNativeTarget "PopViewControler" */ = {
			isa = XCConfigurationList;
			buildConfigurations = (
				836B990B1C7F2D1C00534CD8 /* Debug */,
				836B990C1C7F2D1C00534CD8 /* Release */,
			);
			defaultConfigurationIsVisible = 0;
			defaultConfigurationName = Release;
		};
		836B990D1C7F2D1C00534CD8 /* Build configuration list for PBXNativeTarget "PopViewControlerTests" */ = {
			isa = XCConfigurationList;
			buildConfigurations = (
				836B990E1C7F2D1C00534CD8 /* Debug */,
				836B990F1C7F2D1C00534CD8 /* Release */,
			);
			defaultConfigurationIsVisible = 0;
			defaultConfigurationName = Release;
		};
/* End XCConfigurationList section */
	};
	rootObject = 836B98D01C7F2D1B00534CD8 /* Project object */;
}
